// !$*UTF8*$!
{
	archiveVersion = 1;
	classes = {
	};
	objectVersion = 52;
	objects = {

/* Begin PBXBuildFile section */
		B4FDE71525458BB00070B190 /* AppDelegate.swift in Sources */ = {isa = PBXBuildFile; fileRef = B4FDE71425458BB00070B190 /* AppDelegate.swift */; };
		B4FDE71725458BB00070B190 /* SceneDelegate.swift in Sources */ = {isa = PBXBuildFile; fileRef = B4FDE71625458BB00070B190 /* SceneDelegate.swift */; };
		B4FDE71925458BB00070B190 /* ViewController.swift in Sources */ = {isa = PBXBuildFile; fileRef = B4FDE71825458BB00070B190 /* ViewController.swift */; };
		B4FDE71F25458BB00070B190 /* Walk2Draw.xcdatamodeld in Sources */ = {isa = PBXBuildFile; fileRef = B4FDE71D25458BB00070B190 /* Walk2Draw.xcdatamodeld */; };
		B4FDE72125458BB10070B190 /* Assets.xcassets in Resources */ = {isa = PBXBuildFile; fileRef = B4FDE72025458BB10070B190 /* Assets.xcassets */; };
		B4FDE72425458BB10070B190 /* LaunchScreen.storyboard in Resources */ = {isa = PBXBuildFile; fileRef = B4FDE72225458BB10070B190 /* LaunchScreen.storyboard */; };
		B4FDE72F25458BB10070B190 /* Walk2DrawTests.swift in Sources */ = {isa = PBXBuildFile; fileRef = B4FDE72E25458BB10070B190 /* Walk2DrawTests.swift */; };
		B4FDE73A25458BB10070B190 /* Walk2DrawUITests.swift in Sources */ = {isa = PBXBuildFile; fileRef = B4FDE73925458BB10070B190 /* Walk2DrawUITests.swift */; };
		B4FDE74C2545C8520070B190 /* LogStore in Frameworks */ = {isa = PBXBuildFile; productRef = B4FDE74B2545C8520070B190 /* LogStore */; };
		B4FDE7542545CB430070B190 /* LocationProvider.swift in Sources */ = {isa = PBXBuildFile; fileRef = B4FDE7532545CB430070B190 /* LocationProvider.swift */; };
		B4FDE7592545D28A0070B190 /* DrawView.swift in Sources */ = {isa = PBXBuildFile; fileRef = B4FDE7582545D28A0070B190 /* DrawView.swift */; };
/* End PBXBuildFile section */

/* Begin PBXContainerItemProxy section */
		B4FDE72B25458BB10070B190 /* PBXContainerItemProxy */ = {
			isa = PBXContainerItemProxy;
			containerPortal = B4FDE70925458BB00070B190 /* Project object */;
			proxyType = 1;
			remoteGlobalIDString = B4FDE71025458BB00070B190;
			remoteInfo = Walk2Draw;
		};
		B4FDE73625458BB10070B190 /* PBXContainerItemProxy */ = {
			isa = PBXContainerItemProxy;
			containerPortal = B4FDE70925458BB00070B190 /* Project object */;
			proxyType = 1;
			remoteGlobalIDString = B4FDE71025458BB00070B190;
			remoteInfo = Walk2Draw;
		};
/* End PBXContainerItemProxy section */

/* Begin PBXFileReference section */
		B4FDE71125458BB00070B190 /* Walk2Draw.app */ = {isa = PBXFileReference; explicitFileType = wrapper.application; includeInIndex = 0; path = Walk2Draw.app; sourceTree = BUILT_PRODUCTS_DIR; };
		B4FDE71425458BB00070B190 /* AppDelegate.swift */ = {isa = PBXFileReference; lastKnownFileType = sourcecode.swift; path = AppDelegate.swift; sourceTree = "<group>"; };
		B4FDE71625458BB00070B190 /* SceneDelegate.swift */ = {isa = PBXFileReference; lastKnownFileType = sourcecode.swift; path = SceneDelegate.swift; sourceTree = "<group>"; };
		B4FDE71825458BB00070B190 /* ViewController.swift */ = {isa = PBXFileReference; lastKnownFileType = sourcecode.swift; path = ViewController.swift; sourceTree = "<group>"; };
		B4FDE71E25458BB00070B190 /* Walk2Draw.xcdatamodel */ = {isa = PBXFileReference; lastKnownFileType = wrapper.xcdatamodel; path = Walk2Draw.xcdatamodel; sourceTree = "<group>"; };
		B4FDE72025458BB10070B190 /* Assets.xcassets */ = {isa = PBXFileReference; lastKnownFileType = folder.assetcatalog; path = Assets.xcassets; sourceTree = "<group>"; };
		B4FDE72325458BB10070B190 /* Base */ = {isa = PBXFileReference; lastKnownFileType = file.storyboard; name = Base; path = Base.lproj/LaunchScreen.storyboard; sourceTree = "<group>"; };
		B4FDE72525458BB10070B190 /* Info.plist */ = {isa = PBXFileReference; lastKnownFileType = text.plist.xml; path = Info.plist; sourceTree = "<group>"; };
		B4FDE72A25458BB10070B190 /* Walk2DrawTests.xctest */ = {isa = PBXFileReference; explicitFileType = wrapper.cfbundle; includeInIndex = 0; path = Walk2DrawTests.xctest; sourceTree = BUILT_PRODUCTS_DIR; };
		B4FDE72E25458BB10070B190 /* Walk2DrawTests.swift */ = {isa = PBXFileReference; lastKnownFileType = sourcecode.swift; path = Walk2DrawTests.swift; sourceTree = "<group>"; };
		B4FDE73025458BB10070B190 /* Info.plist */ = {isa = PBXFileReference; lastKnownFileType = text.plist.xml; path = Info.plist; sourceTree = "<group>"; };
		B4FDE73525458BB10070B190 /* Walk2DrawUITests.xctest */ = {isa = PBXFileReference; explicitFileType = wrapper.cfbundle; includeInIndex = 0; path = Walk2DrawUITests.xctest; sourceTree = BUILT_PRODUCTS_DIR; };
		B4FDE73925458BB10070B190 /* Walk2DrawUITests.swift */ = {isa = PBXFileReference; lastKnownFileType = sourcecode.swift; path = Walk2DrawUITests.swift; sourceTree = "<group>"; };
		B4FDE73B25458BB10070B190 /* Info.plist */ = {isa = PBXFileReference; lastKnownFileType = text.plist.xml; path = Info.plist; sourceTree = "<group>"; };
		B4FDE7532545CB430070B190 /* LocationProvider.swift */ = {isa = PBXFileReference; lastKnownFileType = sourcecode.swift; path = LocationProvider.swift; sourceTree = "<group>"; };
		B4FDE7582545D28A0070B190 /* DrawView.swift */ = {isa = PBXFileReference; lastKnownFileType = sourcecode.swift; path = DrawView.swift; sourceTree = "<group>"; };
/* End PBXFileReference section */

/* Begin PBXFrameworksBuildPhase section */
		B4FDE70E25458BB00070B190 /* Frameworks */ = {
			isa = PBXFrameworksBuildPhase;
			buildActionMask = 2147483647;
			files = (
				B4FDE74C2545C8520070B190 /* LogStore in Frameworks */,
			);
			runOnlyForDeploymentPostprocessing = 0;
		};
		B4FDE72725458BB10070B190 /* Frameworks */ = {
			isa = PBXFrameworksBuildPhase;
			buildActionMask = 2147483647;
			files = (
			);
			runOnlyForDeploymentPostprocessing = 0;
		};
		B4FDE73225458BB10070B190 /* Frameworks */ = {
			isa = PBXFrameworksBuildPhase;
			buildActionMask = 2147483647;
			files = (
			);
			runOnlyForDeploymentPostprocessing = 0;
		};
/* End PBXFrameworksBuildPhase section */

/* Begin PBXGroup section */
		B4FDE70825458BB00070B190 = {
			isa = PBXGroup;
			children = (
				B4FDE71325458BB00070B190 /* Walk2Draw */,
				B4FDE72D25458BB10070B190 /* Walk2DrawTests */,
				B4FDE73825458BB10070B190 /* Walk2DrawUITests */,
				B4FDE71225458BB00070B190 /* Products */,
			);
			sourceTree = "<group>";
		};
		B4FDE71225458BB00070B190 /* Products */ = {
			isa = PBXGroup;
			children = (
				B4FDE71125458BB00070B190 /* Walk2Draw.app */,
				B4FDE72A25458BB10070B190 /* Walk2DrawTests.xctest */,
				B4FDE73525458BB10070B190 /* Walk2DrawUITests.xctest */,
			);
			name = Products;
			sourceTree = "<group>";
		};
		B4FDE71325458BB00070B190 /* Walk2Draw */ = {
			isa = PBXGroup;
			children = (
				B4FDE71425458BB00070B190 /* AppDelegate.swift */,
				B4FDE7582545D28A0070B190 /* DrawView.swift */,
				B4FDE71625458BB00070B190 /* SceneDelegate.swift */,
				B4FDE7532545CB430070B190 /* LocationProvider.swift */,
				B4FDE71825458BB00070B190 /* ViewController.swift */,
				B4FDE72025458BB10070B190 /* Assets.xcassets */,
				B4FDE72225458BB10070B190 /* LaunchScreen.storyboard */,
				B4FDE72525458BB10070B190 /* Info.plist */,
				B4FDE71D25458BB00070B190 /* Walk2Draw.xcdatamodeld */,
			);
			path = Walk2Draw;
			sourceTree = "<group>";
		};
		B4FDE72D25458BB10070B190 /* Walk2DrawTests */ = {
			isa = PBXGroup;
			children = (
				B4FDE72E25458BB10070B190 /* Walk2DrawTests.swift */,
				B4FDE73025458BB10070B190 /* Info.plist */,
			);
			path = Walk2DrawTests;
			sourceTree = "<group>";
		};
		B4FDE73825458BB10070B190 /* Walk2DrawUITests */ = {
			isa = PBXGroup;
			children = (
				B4FDE73925458BB10070B190 /* Walk2DrawUITests.swift */,
				B4FDE73B25458BB10070B190 /* Info.plist */,
			);
			path = Walk2DrawUITests;
			sourceTree = "<group>";
		};
/* End PBXGroup section */

/* Begin PBXNativeTarget section */
		B4FDE71025458BB00070B190 /* Walk2Draw */ = {
			isa = PBXNativeTarget;
			buildConfigurationList = B4FDE73E25458BB10070B190 /* Build configuration list for PBXNativeTarget "Walk2Draw" */;
			buildPhases = (
				B4FDE70D25458BB00070B190 /* Sources */,
				B4FDE70E25458BB00070B190 /* Frameworks */,
				B4FDE70F25458BB00070B190 /* Resources */,
			);
			buildRules = (
			);
			dependencies = (
			);
			name = Walk2Draw;
			packageProductDependencies = (
				B4FDE74B2545C8520070B190 /* LogStore */,
			);
			productName = Walk2Draw;
			productReference = B4FDE71125458BB00070B190 /* Walk2Draw.app */;
			productType = "com.apple.product-type.application";
		};
		B4FDE72925458BB10070B190 /* Walk2DrawTests */ = {
			isa = PBXNativeTarget;
			buildConfigurationList = B4FDE74125458BB10070B190 /* Build configuration list for PBXNativeTarget "Walk2DrawTests" */;
			buildPhases = (
				B4FDE72625458BB10070B190 /* Sources */,
				B4FDE72725458BB10070B190 /* Frameworks */,
				B4FDE72825458BB10070B190 /* Resources */,
			);
			buildRules = (
			);
			dependencies = (
				B4FDE72C25458BB10070B190 /* PBXTargetDependency */,
			);
			name = Walk2DrawTests;
			productName = Walk2DrawTests;
			productReference = B4FDE72A25458BB10070B190 /* Walk2DrawTests.xctest */;
			productType = "com.apple.product-type.bundle.unit-test";
		};
		B4FDE73425458BB10070B190 /* Walk2DrawUITests */ = {
			isa = PBXNativeTarget;
			buildConfigurationList = B4FDE74425458BB10070B190 /* Build configuration list for PBXNativeTarget "Walk2DrawUITests" */;
			buildPhases = (
				B4FDE73125458BB10070B190 /* Sources */,
				B4FDE73225458BB10070B190 /* Frameworks */,
				B4FDE73325458BB10070B190 /* Resources */,
			);
			buildRules = (
			);
			dependencies = (
				B4FDE73725458BB10070B190 /* PBXTargetDependency */,
			);
			name = Walk2DrawUITests;
			productName = Walk2DrawUITests;
			productReference = B4FDE73525458BB10070B190 /* Walk2DrawUITests.xctest */;
			productType = "com.apple.product-type.bundle.ui-testing";
		};
/* End PBXNativeTarget section */

/* Begin PBXProject section */
		B4FDE70925458BB00070B190 /* Project object */ = {
			isa = PBXProject;
			attributes = {
				LastSwiftUpdateCheck = 1210;
				LastUpgradeCheck = 1210;
				TargetAttributes = {
					B4FDE71025458BB00070B190 = {
						CreatedOnToolsVersion = 12.1;
					};
					B4FDE72925458BB10070B190 = {
						CreatedOnToolsVersion = 12.1;
						TestTargetID = B4FDE71025458BB00070B190;
					};
					B4FDE73425458BB10070B190 = {
						CreatedOnToolsVersion = 12.1;
						TestTargetID = B4FDE71025458BB00070B190;
					};
				};
			};
			buildConfigurationList = B4FDE70C25458BB00070B190 /* Build configuration list for PBXProject "Walk2Draw" */;
			compatibilityVersion = "Xcode 9.3";
			developmentRegion = en;
			hasScannedForEncodings = 0;
			knownRegions = (
				en,
				Base,
			);
			mainGroup = B4FDE70825458BB00070B190;
			packageReferences = (
				B4FDE74A2545C8520070B190 /* XCRemoteSwiftPackageReference "LogStore2" */,
			);
			productRefGroup = B4FDE71225458BB00070B190 /* Products */;
			projectDirPath = "";
			projectRoot = "";
			targets = (
				B4FDE71025458BB00070B190 /* Walk2Draw */,
				B4FDE72925458BB10070B190 /* Walk2DrawTests */,
				B4FDE73425458BB10070B190 /* Walk2DrawUITests */,
			);
		};
/* End PBXProject section */

/* Begin PBXResourcesBuildPhase section */
		B4FDE70F25458BB00070B190 /* Resources */ = {
			isa = PBXResourcesBuildPhase;
			buildActionMask = 2147483647;
			files = (
				B4FDE72425458BB10070B190 /* LaunchScreen.storyboard in Resources */,
				B4FDE72125458BB10070B190 /* Assets.xcassets in Resources */,
			);
			runOnlyForDeploymentPostprocessing = 0;
		};
		B4FDE72825458BB10070B190 /* Resources */ = {
			isa = PBXResourcesBuildPhase;
			buildActionMask = 2147483647;
			files = (
			);
			runOnlyForDeploymentPostprocessing = 0;
		};
		B4FDE73325458BB10070B190 /* Resources */ = {
			isa = PBXResourcesBuildPhase;
			buildActionMask = 2147483647;
			files = (
			);
			runOnlyForDeploymentPostprocessing = 0;
		};
/* End PBXResourcesBuildPhase section */

/* Begin PBXSourcesBuildPhase section */
		B4FDE70D25458BB00070B190 /* Sources */ = {
			isa = PBXSourcesBuildPhase;
			buildActionMask = 2147483647;
			files = (
				B4FDE71925458BB00070B190 /* ViewController.swift in Sources */,
				B4FDE71F25458BB00070B190 /* Walk2Draw.xcdatamodeld in Sources */,
				B4FDE7592545D28A0070B190 /* DrawView.swift in Sources */,
				B4FDE71525458BB00070B190 /* AppDelegate.swift in Sources */,
				B4FDE71725458BB00070B190 /* SceneDelegate.swift in Sources */,
				B4FDE7542545CB430070B190 /* LocationProvider.swift in Sources */,
			);
			runOnlyForDeploymentPostprocessing = 0;
		};
		B4FDE72625458BB10070B190 /* Sources */ = {
			isa = PBXSourcesBuildPhase;
			buildActionMask = 2147483647;
			files = (
				B4FDE72F25458BB10070B190 /* Walk2DrawTests.swift in Sources */,
			);
			runOnlyForDeploymentPostprocessing = 0;
		};
		B4FDE73125458BB10070B190 /* Sources */ = {
			isa = PBXSourcesBuildPhase;
			buildActionMask = 2147483647;
			files = (
				B4FDE73A25458BB10070B190 /* Walk2DrawUITests.swift in Sources */,
			);
			runOnlyForDeploymentPostprocessing = 0;
		};
/* End PBXSourcesBuildPhase section */

/* Begin PBXTargetDependency section */
		B4FDE72C25458BB10070B190 /* PBXTargetDependency */ = {
			isa = PBXTargetDependency;
			target = B4FDE71025458BB00070B190 /* Walk2Draw */;
			targetProxy = B4FDE72B25458BB10070B190 /* PBXContainerItemProxy */;
		};
		B4FDE73725458BB10070B190 /* PBXTargetDependency */ = {
			isa = PBXTargetDependency;
			target = B4FDE71025458BB00070B190 /* Walk2Draw */;
			targetProxy = B4FDE73625458BB10070B190 /* PBXContainerItemProxy */;
		};
/* End PBXTargetDependency section */

/* Begin PBXVariantGroup section */
		B4FDE72225458BB10070B190 /* LaunchScreen.storyboard */ = {
			isa = PBXVariantGroup;
			children = (
				B4FDE72325458BB10070B190 /* Base */,
			);
			name = LaunchScreen.storyboard;
			sourceTree = "<group>";
		};
/* End PBXVariantGroup section */

/* Begin XCBuildConfiguration section */
		B4FDE73C25458BB10070B190 /* Debug */ = {
			isa = XCBuildConfiguration;
			buildSettings = {
				ALWAYS_SEARCH_USER_PATHS = NO;
				CLANG_ANALYZER_NONNULL = YES;
				CLANG_ANALYZER_NUMBER_OBJECT_CONVERSION = YES_AGGRESSIVE;
				CLANG_CXX_LANGUAGE_STANDARD = "gnu++14";
				CLANG_CXX_LIBRARY = "libc++";
				CLANG_ENABLE_MODULES = YES;
				CLANG_ENABLE_OBJC_ARC = YES;
				CLANG_ENABLE_OBJC_WEAK = YES;
				CLANG_WARN_BLOCK_CAPTURE_AUTORELEASING = YES;
				CLANG_WARN_BOOL_CONVERSION = YES;
				CLANG_WARN_COMMA = YES;
				CLANG_WARN_CONSTANT_CONVERSION = YES;
				CLANG_WARN_DEPRECATED_OBJC_IMPLEMENTATIONS = YES;
				CLANG_WARN_DIRECT_OBJC_ISA_USAGE = YES_ERROR;
				CLANG_WARN_DOCUMENTATION_COMMENTS = YES;
				CLANG_WARN_EMPTY_BODY = YES;
				CLANG_WARN_ENUM_CONVERSION = YES;
				CLANG_WARN_INFINITE_RECURSION = YES;
				CLANG_WARN_INT_CONVERSION = YES;
				CLANG_WARN_NON_LITERAL_NULL_CONVERSION = YES;
				CLANG_WARN_OBJC_IMPLICIT_RETAIN_SELF = YES;
				CLANG_WARN_OBJC_LITERAL_CONVERSION = YES;
				CLANG_WARN_OBJC_ROOT_CLASS = YES_ERROR;
				CLANG_WARN_QUOTED_INCLUDE_IN_FRAMEWORK_HEADER = YES;
				CLANG_WARN_RANGE_LOOP_ANALYSIS = YES;
				CLANG_WARN_STRICT_PROTOTYPES = YES;
				CLANG_WARN_SUSPICIOUS_MOVE = YES;
				CLANG_WARN_UNGUARDED_AVAILABILITY = YES_AGGRESSIVE;
				CLANG_WARN_UNREACHABLE_CODE = YES;
				CLANG_WARN__DUPLICATE_METHOD_MATCH = YES;
				COPY_PHASE_STRIP = NO;
				DEBUG_INFORMATION_FORMAT = dwarf;
				ENABLE_STRICT_OBJC_MSGSEND = YES;
				ENABLE_TESTABILITY = YES;
				GCC_C_LANGUAGE_STANDARD = gnu11;
				GCC_DYNAMIC_NO_PIC = NO;
				GCC_NO_COMMON_BLOCKS = YES;
				GCC_OPTIMIZATION_LEVEL = 0;
				GCC_PREPROCESSOR_DEFINITIONS = (
					"DEBUG=1",
					"$(inherited)",
				);
				GCC_WARN_64_TO_32_BIT_CONVERSION = YES;
				GCC_WARN_ABOUT_RETURN_TYPE = YES_ERROR;
				GCC_WARN_UNDECLARED_SELECTOR = YES;
				GCC_WARN_UNINITIALIZED_AUTOS = YES_AGGRESSIVE;
				GCC_WARN_UNUSED_FUNCTION = YES;
				GCC_WARN_UNUSED_VARIABLE = YES;
				IPHONEOS_DEPLOYMENT_TARGET = 14.1;
				MTL_ENABLE_DEBUG_INFO = INCLUDE_SOURCE;
				MTL_FAST_MATH = YES;
				ONLY_ACTIVE_ARCH = YES;
				SDKROOT = iphoneos;
				SWIFT_ACTIVE_COMPILATION_CONDITIONS = DEBUG;
				SWIFT_OPTIMIZATION_LEVEL = "-Onone";
			};
			name = Debug;
		};
		B4FDE73D25458BB10070B190 /* Release */ = {
			isa = XCBuildConfiguration;
			buildSettings = {
				ALWAYS_SEARCH_USER_PATHS = NO;
				CLANG_ANALYZER_NONNULL = YES;
				CLANG_ANALYZER_NUMBER_OBJECT_CONVERSION = YES_AGGRESSIVE;
				CLANG_CXX_LANGUAGE_STANDARD = "gnu++14";
				CLANG_CXX_LIBRARY = "libc++";
				CLANG_ENABLE_MODULES = YES;
				CLANG_ENABLE_OBJC_ARC = YES;
				CLANG_ENABLE_OBJC_WEAK = YES;
				CLANG_WARN_BLOCK_CAPTURE_AUTORELEASING = YES;
				CLANG_WARN_BOOL_CONVERSION = YES;
				CLANG_WARN_COMMA = YES;
				CLANG_WARN_CONSTANT_CONVERSION = YES;
				CLANG_WARN_DEPRECATED_OBJC_IMPLEMENTATIONS = YES;
				CLANG_WARN_DIRECT_OBJC_ISA_USAGE = YES_ERROR;
				CLANG_WARN_DOCUMENTATION_COMMENTS = YES;
				CLANG_WARN_EMPTY_BODY = YES;
				CLANG_WARN_ENUM_CONVERSION = YES;
				CLANG_WARN_INFINITE_RECURSION = YES;
				CLANG_WARN_INT_CONVERSION = YES;
				CLANG_WARN_NON_LITERAL_NULL_CONVERSION = YES;
				CLANG_WARN_OBJC_IMPLICIT_RETAIN_SELF = YES;
				CLANG_WARN_OBJC_LITERAL_CONVERSION = YES;
				CLANG_WARN_OBJC_ROOT_CLASS = YES_ERROR;
				CLANG_WARN_QUOTED_INCLUDE_IN_FRAMEWORK_HEADER = YES;
				CLANG_WARN_RANGE_LOOP_ANALYSIS = YES;
				CLANG_WARN_STRICT_PROTOTYPES = YES;
				CLANG_WARN_SUSPICIOUS_MOVE = YES;
				CLANG_WARN_UNGUARDED_AVAILABILITY = YES_AGGRESSIVE;
				CLANG_WARN_UNREACHABLE_CODE = YES;
				CLANG_WARN__DUPLICATE_METHOD_MATCH = YES;
				COPY_PHASE_STRIP = NO;
				DEBUG_INFORMATION_FORMAT = "dwarf-with-dsym";
				ENABLE_NS_ASSERTIONS = NO;
				ENABLE_STRICT_OBJC_MSGSEND = YES;
				GCC_C_LANGUAGE_STANDARD = gnu11;
				GCC_NO_COMMON_BLOCKS = YES;
				GCC_WARN_64_TO_32_BIT_CONVERSION = YES;
				GCC_WARN_ABOUT_RETURN_TYPE = YES_ERROR;
				GCC_WARN_UNDECLARED_SELECTOR = YES;
				GCC_WARN_UNINITIALIZED_AUTOS = YES_AGGRESSIVE;
				GCC_WARN_UNUSED_FUNCTION = YES;
				GCC_WARN_UNUSED_VARIABLE = YES;
				IPHONEOS_DEPLOYMENT_TARGET = 14.1;
				MTL_ENABLE_DEBUG_INFO = NO;
				MTL_FAST_MATH = YES;
				SDKROOT = iphoneos;
				SWIFT_COMPILATION_MODE = wholemodule;
				SWIFT_OPTIMIZATION_LEVEL = "-O";
				VALIDATE_PRODUCT = YES;
			};
			name = Release;
		};
		B4FDE73F25458BB10070B190 /* Debug */ = {
			isa = XCBuildConfiguration;
			buildSettings = {
				ASSETCATALOG_COMPILER_APPICON_NAME = AppIcon;
				ASSETCATALOG_COMPILER_GLOBAL_ACCENT_COLOR_NAME = AccentColor;
				CODE_SIGN_STYLE = Automatic;
				DEVELOPMENT_TEAM = 6H7H99VYLE;
				INFOPLIST_FILE = Walk2Draw/Info.plist;
				LD_RUNPATH_SEARCH_PATHS = (
					"$(inherited)",
					"@executable_path/Frameworks",
				);
				PRODUCT_BUNDLE_IDENTIFIER = com.sngkrn.Walk2Draw;
				PRODUCT_NAME = "$(TARGET_NAME)";
				SWIFT_VERSION = 5.0;
				TARGETED_DEVICE_FAMILY = "1,2";
			};
			name = Debug;
		};
		B4FDE74025458BB10070B190 /* Release */ = {
			isa = XCBuildConfiguration;
			buildSettings = {
				ASSETCATALOG_COMPILER_APPICON_NAME = AppIcon;
				ASSETCATALOG_COMPILER_GLOBAL_ACCENT_COLOR_NAME = AccentColor;
				CODE_SIGN_STYLE = Automatic;
				DEVELOPMENT_TEAM = 6H7H99VYLE;
				INFOPLIST_FILE = Walk2Draw/Info.plist;
				LD_RUNPATH_SEARCH_PATHS = (
					"$(inherited)",
					"@executable_path/Frameworks",
				);
				PRODUCT_BUNDLE_IDENTIFIER = com.sngkrn.Walk2Draw;
				PRODUCT_NAME = "$(TARGET_NAME)";
				SWIFT_VERSION = 5.0;
				TARGETED_DEVICE_FAMILY = "1,2";
			};
			name = Release;
		};
		B4FDE74225458BB10070B190 /* Debug */ = {
			isa = XCBuildConfiguration;
			buildSettings = {
				ALWAYS_EMBED_SWIFT_STANDARD_LIBRARIES = YES;
				BUNDLE_LOADER = "$(TEST_HOST)";
				CODE_SIGN_STYLE = Automatic;
				DEVELOPMENT_TEAM = 6H7H99VYLE;
				INFOPLIST_FILE = Walk2DrawTests/Info.plist;
				IPHONEOS_DEPLOYMENT_TARGET = 14.1;
				LD_RUNPATH_SEARCH_PATHS = (
					"$(inherited)",
					"@executable_path/Frameworks",
					"@loader_path/Frameworks",
				);
				PRODUCT_BUNDLE_IDENTIFIER = com.sngkrn.Walk2DrawTests;
				PRODUCT_NAME = "$(TARGET_NAME)";
				SWIFT_VERSION = 5.0;
				TARGETED_DEVICE_FAMILY = "1,2";
				TEST_HOST = "$(BUILT_PRODUCTS_DIR)/Walk2Draw.app/Walk2Draw";
			};
			name = Debug;
		};
		B4FDE74325458BB10070B190 /* Release */ = {
			isa = XCBuildConfiguration;
			buildSettings = {
				ALWAYS_EMBED_SWIFT_STANDARD_LIBRARIES = YES;
				BUNDLE_LOADER = "$(TEST_HOST)";
				CODE_SIGN_STYLE = Automatic;
				DEVELOPMENT_TEAM = 6H7H99VYLE;
				INFOPLIST_FILE = Walk2DrawTests/Info.plist;
				IPHONEOS_DEPLOYMENT_TARGET = 14.1;
				LD_RUNPATH_SEARCH_PATHS = (
					"$(inherited)",
					"@executable_path/Frameworks",
					"@loader_path/Frameworks",
				);
				PRODUCT_BUNDLE_IDENTIFIER = com.sngkrn.Walk2DrawTests;
				PRODUCT_NAME = "$(TARGET_NAME)";
				SWIFT_VERSION = 5.0;
				TARGETED_DEVICE_FAMILY = "1,2";
				TEST_HOST = "$(BUILT_PRODUCTS_DIR)/Walk2Draw.app/Walk2Draw";
			};
			name = Release;
		};
		B4FDE74525458BB10070B190 /* Debug */ = {
			isa = XCBuildConfiguration;
			buildSettings = {
				ALWAYS_EMBED_SWIFT_STANDARD_LIBRARIES = YES;
				CODE_SIGN_STYLE = Automatic;
				DEVELOPMENT_TEAM = 6H7H99VYLE;
				INFOPLIST_FILE = Walk2DrawUITests/Info.plist;
				LD_RUNPATH_SEARCH_PATHS = (
					"$(inherited)",
					"@executable_path/Frameworks",
					"@loader_path/Frameworks",
				);
				PRODUCT_BUNDLE_IDENTIFIER = com.sngkrn.Walk2DrawUITests;
				PRODUCT_NAME = "$(TARGET_NAME)";
				SWIFT_VERSION = 5.0;
				TARGETED_DEVICE_FAMILY = "1,2";
				TEST_TARGET_NAME = Walk2Draw;
			};
			name = Debug;
		};
		B4FDE74625458BB10070B190 /* Release */ = {
			isa = XCBuildConfiguration;
			buildSettings = {
				ALWAYS_EMBED_SWIFT_STANDARD_LIBRARIES = YES;
				CODE_SIGN_STYLE = Automatic;
				DEVELOPMENT_TEAM = 6H7H99VYLE;
				INFOPLIST_FILE = Walk2DrawUITests/Info.plist;
				LD_RUNPATH_SEARCH_PATHS = (
					"$(inherited)",
					"@executable_path/Frameworks",
					"@loader_path/Frameworks",
				);
				PRODUCT_BUNDLE_IDENTIFIER = com.sngkrn.Walk2DrawUITests;
				PRODUCT_NAME = "$(TARGET_NAME)";
				SWIFT_VERSION = 5.0;
				TARGETED_DEVICE_FAMILY = "1,2";
				TEST_TARGET_NAME = Walk2Draw;
			};
			name = Release;
		};
/* End XCBuildConfiguration section */

/* Begin XCConfigurationList section */
		B4FDE70C25458BB00070B190 /* Build configuration list for PBXProject "Walk2Draw" */ = {
			isa = XCConfigurationList;
			buildConfigurations = (
				B4FDE73C25458BB10070B190 /* Debug */,
				B4FDE73D25458BB10070B190 /* Release */,
			);
			defaultConfigurationIsVisible = 0;
			defaultConfigurationName = Release;
		};
		B4FDE73E25458BB10070B190 /* Build configuration list for PBXNativeTarget "Walk2Draw" */ = {
			isa = XCConfigurationList;
			buildConfigurations = (
				B4FDE73F25458BB10070B190 /* Debug */,
				B4FDE74025458BB10070B190 /* Release */,
			);
			defaultConfigurationIsVisible = 0;
			defaultConfigurationName = Release;
		};
		B4FDE74125458BB10070B190 /* Build configuration list for PBXNativeTarget "Walk2DrawTests" */ = {
			isa = XCConfigurationList;
			buildConfigurations = (
				B4FDE74225458BB10070B190 /* Debug */,
				B4FDE74325458BB10070B190 /* Release */,
			);
			defaultConfigurationIsVisible = 0;
			defaultConfigurationName = Release;
		};
		B4FDE74425458BB10070B190 /* Build configuration list for PBXNativeTarget "Walk2DrawUITests" */ = {
			isa = XCConfigurationList;
			buildConfigurations = (
				B4FDE74525458BB10070B190 /* Debug */,
				B4FDE74625458BB10070B190 /* Release */,
			);
			defaultConfigurationIsVisible = 0;
			defaultConfigurationName = Release;
		};
/* End XCConfigurationList section */

/* Begin XCRemoteSwiftPackageReference section */
		B4FDE74A2545C8520070B190 /* XCRemoteSwiftPackageReference "LogStore2" */ = {
			isa = XCRemoteSwiftPackageReference;
			repositoryURL = "https://github.com/dasdom/LogStore2.git";
			requirement = {
				kind = upToNextMajorVersion;
				minimumVersion = 1.0.0;
			};
		};
/* End XCRemoteSwiftPackageReference section */

/* Begin XCSwiftPackageProductDependency section */
		B4FDE74B2545C8520070B190 /* LogStore */ = {
			isa = XCSwiftPackageProductDependency;
			package = B4FDE74A2545C8520070B190 /* XCRemoteSwiftPackageReference "LogStore2" */;
			productName = LogStore;
		};
/* End XCSwiftPackageProductDependency section */

/* Begin XCVersionGroup section */
		B4FDE71D25458BB00070B190 /* Walk2Draw.xcdatamodeld */ = {
			isa = XCVersionGroup;
			children = (
				B4FDE71E25458BB00070B190 /* Walk2Draw.xcdatamodel */,
			);
			currentVersion = B4FDE71E25458BB00070B190 /* Walk2Draw.xcdatamodel */;
			path = Walk2Draw.xcdatamodeld;
			sourceTree = "<group>";
			versionGroupType = wrapper.xcdatamodel;
		};
/* End XCVersionGroup section */
	};
	rootObject = B4FDE70925458BB00070B190 /* Project object */;
}
